
Microsoft Visual Studio Solution File, Format Version 12.00
# Visual Studio Version 16
VisualStudioVersion = 16.0.29424.173
MinimumVisualStudioVersion = 10.0.40219.1
Project("{FAE04EC0-301F-11D3-BF4B-00C04F79EFBC}") = "Fitness.BL", "Fitness.BL\Fitness.BL.csproj", "{61DFBB83-23A6-4CD0-A863-C4428AFFA4EB}"
EndProject
Project("{FAE04EC0-301F-11D3-BF4B-00C04F79EFBC}") = "Fitness.CMD", "Fitness.CMD\Fitness.CMD.csproj", "{F1940F64-F1C3-4D1C-979E-128826D706C5}"
EndProject
Global
	GlobalSection(SolutionConfigurationPlatforms) = preSolution
		Debug|Any CPU = Debug|Any CPU
		Release|Any CPU = Release|Any CPU
	EndGlobalSection
	GlobalSection(ProjectConfigurationPlatforms) = postSolution
		{61DFBB83-23A6-4CD0-A863-C4428AFFA4EB}.Debug|Any CPU.ActiveCfg = Debug|Any CPU
		{61DFBB83-23A6-4CD0-A863-C4428AFFA4EB}.Debug|Any CPU.Build.0 = Debug|Any CPU
		{61DFBB83-23A6-4CD0-A863-C4428AFFA4EB}.Release|Any CPU.ActiveCfg = Release|Any CPU
		{61DFBB83-23A6-4CD0-A863-C4428AFFA4EB}.Release|Any CPU.Build.0 = Release|Any CPU
		{F1940F64-F1C3-4D1C-979E-128826D706C5}.Debug|Any CPU.ActiveCfg = Debug|Any CPU
		{F1940F64-F1C3-4D1C-979E-128826D706C5}.Debug|Any CPU.Build.0 = Debug|Any CPU
		{F1940F64-F1C3-4D1C-979E-128826D706C5}.Release|Any CPU.ActiveCfg = Release|Any CPU
		{F1940F64-F1C3-4D1C-979E-128826D706C5}.Release|Any CPU.Build.0 = Release|Any CPU
	EndGlobalSection
	GlobalSection(SolutionProperties) = preSolution
		HideSolutionNode = FALSE
	EndGlobalSection
	GlobalSection(ExtensibilityGlobals) = postSolution
		SolutionGuid = {6107267A-2FFB-420C-B84F-3B55B0BD71BE}
	EndGlobalSection
EndGlobal
